
Microsoft Visual Studio Solution File, Format Version 12.00
# Visual Studio Version 16
VisualStudioVersion = 16.0.32002.261
MinimumVisualStudioVersion = 10.0.40219.1
Project("{FAE04EC0-301F-11D3-BF4B-00C04F79EFBC}") = "2048_game", "2048_game\2048_game.csproj", "{378EDAB9-EF16-46CF-AD5B-6AF491C1AA71}"
EndProject
Global
	GlobalSection(SolutionConfigurationPlatforms) = preSolution
		Debug|Any CPU = Debug|Any CPU
		Release|Any CPU = Release|Any CPU
	EndGlobalSection
	GlobalSection(ProjectConfigurationPlatforms) = postSolution
		{378EDAB9-EF16-46CF-AD5B-6AF491C1AA71}.Debug|Any CPU.ActiveCfg = Debug|Any CPU
		{378EDAB9-EF16-46CF-AD5B-6AF491C1AA71}.Debug|Any CPU.Build.0 = Debug|Any CPU
		{378EDAB9-EF16-46CF-AD5B-6AF491C1AA71}.Release|Any CPU.ActiveCfg = Release|Any CPU
		{378EDAB9-EF16-46CF-AD5B-6AF491C1AA71}.Release|Any CPU.Build.0 = Release|Any CPU
	EndGlobalSection
	GlobalSection(SolutionProperties) = preSolution
		HideSolutionNode = FALSE
	EndGlobalSection
	GlobalSection(ExtensibilityGlobals) = postSolution
		SolutionGuid = {719B23F3-358F-4078-8E66-9326908C1585}
	EndGlobalSection
EndGlobal
